
Microsoft Visual Studio Solution File, Format Version 12.00
# Visual Studio Version 16
VisualStudioVersion = 16.0.29411.108
MinimumVisualStudioVersion = 10.0.40219.1
Project("{FAE04EC0-301F-11D3-BF4B-00C04F79EFBC}") = "Tags", "Tags\Tags.csproj", "{B2103CFC-00D3-41E4-AFBA-44D4065FF5F6}"
EndProject
Global
	GlobalSection(SolutionConfigurationPlatforms) = preSolution
		Debug|Any CPU = Debug|Any CPU
		Release|Any CPU = Release|Any CPU
	EndGlobalSection
	GlobalSection(ProjectConfigurationPlatforms) = postSolution
		{B2103CFC-00D3-41E4-AFBA-44D4065FF5F6}.Debug|Any CPU.ActiveCfg = Debug|Any CPU
		{B2103CFC-00D3-41E4-AFBA-44D4065FF5F6}.Debug|Any CPU.Build.0 = Debug|Any CPU
		{B2103CFC-00D3-41E4-AFBA-44D4065FF5F6}.Release|Any CPU.ActiveCfg = Release|Any CPU
		{B2103CFC-00D3-41E4-AFBA-44D4065FF5F6}.Release|Any CPU.Build.0 = Release|Any CPU
	EndGlobalSection
	GlobalSection(SolutionProperties) = preSolution
		HideSolutionNode = FALSE
	EndGlobalSection
	GlobalSection(ExtensibilityGlobals) = postSolution
		SolutionGuid = {C779F230-489B-45B0-AED1-CC5B53811F8A}
	EndGlobalSection
EndGlobal
